
Microsoft Visual Studio Solution File, Format Version 12.00
# Visual Studio 15
VisualStudioVersion = 15.0.28010.2050
MinimumVisualStudioVersion = 10.0.40219.1
Project("{FAE04EC0-301F-11D3-BF4B-00C04F79EFBC}") = "MyApp.1", "MyApp.1\MyApp.1.csproj", "{340DAFD3-6B6E-4B23-9A4B-60CF87D21F83}"
EndProject
Global
	GlobalSection(SolutionConfigurationPlatforms) = preSolution
		Debug|Any CPU = Debug|Any CPU
		Release|Any CPU = Release|Any CPU
	EndGlobalSection
	GlobalSection(ProjectConfigurationPlatforms) = postSolution
		{340DAFD3-6B6E-4B23-9A4B-60CF87D21F83}.Debug|Any CPU.ActiveCfg = Debug|Any CPU
		{340DAFD3-6B6E-4B23-9A4B-60CF87D21F83}.Debug|Any CPU.Build.0 = Debug|Any CPU
		{340DAFD3-6B6E-4B23-9A4B-60CF87D21F83}.Release|Any CPU.ActiveCfg = Release|Any CPU
		{340DAFD3-6B6E-4B23-9A4B-60CF87D21F83}.Release|Any CPU.Build.0 = Release|Any CPU
	EndGlobalSection
	GlobalSection(SolutionProperties) = preSolution
		HideSolutionNode = FALSE
	EndGlobalSection
	GlobalSection(ExtensibilityGlobals) = postSolution
		SolutionGuid = {057D040D-56A2-462C-8626-7C25CB8C9465}
	EndGlobalSection
EndGlobal
